
Microsoft Visual Studio Solution File, Format Version 12.00
# Visual Studio 15
VisualStudioVersion = 15.0.28307.168
MinimumVisualStudioVersion = 10.0.40219.1
Project("{8BC9CEB8-8B4A-11D0-8D11-00A0C91BC942}") = "DDR_LPR", "DDR_LPR\DDR_LPR.vcxproj", "{83B691AB-0750-4CB9-B066-37F3662ABB8D}"
EndProject
Project("{8BC9CEB8-8B4A-11D0-8D11-00A0C91BC942}") = "DDR_LPR_Test", "DDR_LPR_Test\DDR_LPR_Test.vcxproj", "{404630E9-6759-4477-A90D-FC39D59444D9}"
EndProject
Global
	GlobalSection(SolutionConfigurationPlatforms) = preSolution
		Debug|x64 = Debug|x64
		Debug|x86 = Debug|x86
		Release|x64 = Release|x64
		Release|x86 = Release|x86
	EndGlobalSection
	GlobalSection(ProjectConfigurationPlatforms) = postSolution
		{83B691AB-0750-4CB9-B066-37F3662ABB8D}.Debug|x64.ActiveCfg = Debug|x64
		{83B691AB-0750-4CB9-B066-37F3662ABB8D}.Debug|x64.Build.0 = Debug|x64
		{83B691AB-0750-4CB9-B066-37F3662ABB8D}.Debug|x86.ActiveCfg = Debug|Win32
		{83B691AB-0750-4CB9-B066-37F3662ABB8D}.Debug|x86.Build.0 = Debug|Win32
		{83B691AB-0750-4CB9-B066-37F3662ABB8D}.Release|x64.ActiveCfg = Release|x64
		{83B691AB-0750-4CB9-B066-37F3662ABB8D}.Release|x64.Build.0 = Release|x64
		{83B691AB-0750-4CB9-B066-37F3662ABB8D}.Release|x86.ActiveCfg = Release|Win32
		{83B691AB-0750-4CB9-B066-37F3662ABB8D}.Release|x86.Build.0 = Release|Win32
		{404630E9-6759-4477-A90D-FC39D59444D9}.Debug|x64.ActiveCfg = Debug|x64
		{404630E9-6759-4477-A90D-FC39D59444D9}.Debug|x64.Build.0 = Debug|x64
		{404630E9-6759-4477-A90D-FC39D59444D9}.Debug|x86.ActiveCfg = Debug|Win32
		{404630E9-6759-4477-A90D-FC39D59444D9}.Debug|x86.Build.0 = Debug|Win32
		{404630E9-6759-4477-A90D-FC39D59444D9}.Release|x64.ActiveCfg = Release|x64
		{404630E9-6759-4477-A90D-FC39D59444D9}.Release|x64.Build.0 = Release|x64
		{404630E9-6759-4477-A90D-FC39D59444D9}.Release|x86.ActiveCfg = Release|Win32
		{404630E9-6759-4477-A90D-FC39D59444D9}.Release|x86.Build.0 = Release|Win32
	EndGlobalSection
	GlobalSection(SolutionProperties) = preSolution
		HideSolutionNode = FALSE
	EndGlobalSection
	GlobalSection(ExtensibilityGlobals) = postSolution
		SolutionGuid = {E303B2AB-A155-46BB-9B22-72165CC62A3D}
	EndGlobalSection
EndGlobal
